github.com/snabb/diagio v1.0.0 h1:kovhQ1rDXoEbmpf/T5N2sUp2iOdxEg+TcqzbYVHV2V0=
github.com/snabb/diagio v1.0.0/go.mod h1:ZyGaWFhfBVqstGUw6laYetzeTwZ2xxVPqTALx1QQa1w=
github.com/snabb/sitemap v1.0.0 h1:7vJeNPAaaj7fQSRS3WYuJHzUjdnhLdSLLpvVtnhbzC0=
github.com/snabb/sitemap v1.0.0/go.mod h1:Id8uz1+WYdiNmSjEi4BIvL5UwNPYLsTHzRbjmDwNDzA=
